
Microsoft Visual Studio Solution File, Format Version 12.00
# Visual Studio Version 17
VisualStudioVersion = 17.0.32014.148
MinimumVisualStudioVersion = 10.0.40219.1
Project("{2150E333-8FDC-42A3-9474-1A3956D46DE8}") = "00-Solution Items", "00-Solution Items", "{5F27CEFD-9CE4-4F83-9E9C-08A4EB65B145}"
	ProjectSection(SolutionItems) = preProject
		.editorconfig = .editorconfig
	EndProjectSection
EndProject
Project("{2150E333-8FDC-42A3-9474-1A3956D46DE8}") = "01-Dm8Locator", "01-Dm8Locator", "{CA030AC1-F7E3-4B06-AB05-8146AF2862F3}"
EndProject
Project("{9A19103F-16F7-4668-BE54-9A1E7A4F7556}") = "Dm8Locator", "Dm8Locator\Dm8Locator.csproj", "{3B6CF8A7-7660-4320-9FF5-6612D9529638}"
EndProject
Project("{2150E333-8FDC-42A3-9474-1A3956D46DE8}") = "02-Dm8Data", "02-Dm8Data", "{0279E2CF-722F-4B20-BE3D-EF0D3E2AEA9D}"
EndProject
Project("{9A19103F-16F7-4668-BE54-9A1E7A4F7556}") = "Dm8Build", "Dm8Build\Dm8Build.csproj", "{0B79B036-C414-4861-AA1C-1DE688F7D3F1}"
EndProject
Project("{9A19103F-16F7-4668-BE54-9A1E7A4F7556}") = "Dm8Data", "Dm8Data\Dm8Data.csproj", "{CFBD7290-E79E-43B0-8B14-EF52C604DC73}"
EndProject
Project("{2150E333-8FDC-42A3-9474-1A3956D46DE8}") = "04-Plugins", "04-Plugins", "{13F8601B-1F9B-450A-9B1B-F2C0767BF005}"
EndProject
Project("{9A19103F-16F7-4668-BE54-9A1E7A4F7556}") = "Dm8PluginBase", "Dm8Plugins\Dm8PluginBase\Dm8PluginBase.csproj", "{D62DE7FB-7AF9-4364-B921-C50C8E047E37}"
EndProject
Project("{9A19103F-16F7-4668-BE54-9A1E7A4F7556}") = "Dm8SQLConnector", "Dm8Plugins\Dm8SQLConnector\Dm8SQLConnector.csproj", "{989DA8BD-B430-4228-A136-3CD41EDDC425}"
EndProject
Project("{9A19103F-16F7-4668-BE54-9A1E7A4F7556}") = "Dm8ConnectorTest", "Dm8Plugins\Dm8ConnectorTest\Dm8ConnectorTest.csproj", "{A7352731-08F1-4069-A147-C69040A8FA44}"
EndProject
Project("{9A19103F-16F7-4668-BE54-9A1E7A4F7556}") = "Dm8LakeConnector", "Dm8Plugins\Dm8LakeConnector\Dm8LakeConnector.csproj", "{F298AB4C-86C9-4E89-B1BE-8D1F08C75910}"
EndProject
Project("{2150E333-8FDC-42A3-9474-1A3956D46DE8}") = "03-Dm8App", "03-Dm8App", "{582900B4-16DD-43A5-9C82-9921FF1C5BD8}"
EndProject
Project("{9A19103F-16F7-4668-BE54-9A1E7A4F7556}") = "Dm8Validate", "Dm8Validate\Dm8Validate.csproj", "{01871A88-69D3-4E41-8762-37051393A69C}"
EndProject
Project("{9A19103F-16F7-4668-BE54-9A1E7A4F7556}") = "Dm8Main", "Dm8Main\Dm8Main.csproj", "{3A8443D6-9A88-4119-83C2-F9C2D257625A}"
EndProject
Project("{2150E333-8FDC-42A3-9474-1A3956D46DE8}") = "10-Dm8Setup", "10-Dm8Setup", "{17E1E88C-12E3-4B4A-8219-6FA14E5E3D9E}"
EndProject
Project("{9A19103F-16F7-4668-BE54-9A1E7A4F7556}") = "Dm8Setup", "Dm8Setup\Dm8Setup.csproj", "{CFC892C4-24F1-4E22-82BE-8542A6A19119}"
EndProject
Project("{9A19103F-16F7-4668-BE54-9A1E7A4F7556}") = "Dm8OracleConnector", "Dm8Plugins\Dm8OracleConnector\Dm8OracleConnector.csproj", "{F5502D63-07AF-4E2B-9D9F-C71090F6DB04}"
EndProject
Project("{9A19103F-16F7-4668-BE54-9A1E7A4F7556}") = "Dm8TestConsole", "Dm8TestConsole\Dm8TestConsole.csproj", "{8DF72CDF-D528-431D-B8E4-569E4C44F279}"
EndProject
Project("{9A19103F-16F7-4668-BE54-9A1E7A4F7556}") = "Dm8CSVConnector", "Dm8Plugins\Dm8CsvConnector\Dm8CSVConnector.csproj", "{F6ADE296-40B4-4A9C-A5E8-98CB09B2C046}"
EndProject
Global
	GlobalSection(SolutionConfigurationPlatforms) = preSolution
		Debug_Main|Any CPU = Debug_Main|Any CPU
		Debug|Any CPU = Debug|Any CPU
		Release|Any CPU = Release|Any CPU
	EndGlobalSection
	GlobalSection(ProjectConfigurationPlatforms) = postSolution
		{3B6CF8A7-7660-4320-9FF5-6612D9529638}.Debug_Main|Any CPU.ActiveCfg = Debug_Main|Any CPU
		{3B6CF8A7-7660-4320-9FF5-6612D9529638}.Debug_Main|Any CPU.Build.0 = Debug_Main|Any CPU
		{3B6CF8A7-7660-4320-9FF5-6612D9529638}.Debug|Any CPU.ActiveCfg = Debug|Any CPU
		{3B6CF8A7-7660-4320-9FF5-6612D9529638}.Debug|Any CPU.Build.0 = Debug|Any CPU
		{3B6CF8A7-7660-4320-9FF5-6612D9529638}.Release|Any CPU.ActiveCfg = Release|Any CPU
		{3B6CF8A7-7660-4320-9FF5-6612D9529638}.Release|Any CPU.Build.0 = Release|Any CPU
		{0B79B036-C414-4861-AA1C-1DE688F7D3F1}.Debug_Main|Any CPU.ActiveCfg = Debug_Main|Any CPU
		{0B79B036-C414-4861-AA1C-1DE688F7D3F1}.Debug_Main|Any CPU.Build.0 = Debug_Main|Any CPU
		{0B79B036-C414-4861-AA1C-1DE688F7D3F1}.Debug|Any CPU.ActiveCfg = Debug|Any CPU
		{0B79B036-C414-4861-AA1C-1DE688F7D3F1}.Debug|Any CPU.Build.0 = Debug|Any CPU
		{0B79B036-C414-4861-AA1C-1DE688F7D3F1}.Release|Any CPU.ActiveCfg = Release|Any CPU
		{0B79B036-C414-4861-AA1C-1DE688F7D3F1}.Release|Any CPU.Build.0 = Release|Any CPU
		{CFBD7290-E79E-43B0-8B14-EF52C604DC73}.Debug_Main|Any CPU.ActiveCfg = Debug_Main|Any CPU
		{CFBD7290-E79E-43B0-8B14-EF52C604DC73}.Debug_Main|Any CPU.Build.0 = Debug_Main|Any CPU
		{CFBD7290-E79E-43B0-8B14-EF52C604DC73}.Debug|Any CPU.ActiveCfg = Debug|Any CPU
		{CFBD7290-E79E-43B0-8B14-EF52C604DC73}.Debug|Any CPU.Build.0 = Debug|Any CPU
		{CFBD7290-E79E-43B0-8B14-EF52C604DC73}.Release|Any CPU.ActiveCfg = Release|Any CPU
		{CFBD7290-E79E-43B0-8B14-EF52C604DC73}.Release|Any CPU.Build.0 = Release|Any CPU
		{D62DE7FB-7AF9-4364-B921-C50C8E047E37}.Debug_Main|Any CPU.ActiveCfg = Debug|Any CPU
		{D62DE7FB-7AF9-4364-B921-C50C8E047E37}.Debug_Main|Any CPU.Build.0 = Debug|Any CPU
		{D62DE7FB-7AF9-4364-B921-C50C8E047E37}.Debug|Any CPU.ActiveCfg = Debug|Any CPU
		{D62DE7FB-7AF9-4364-B921-C50C8E047E37}.Debug|Any CPU.Build.0 = Debug|Any CPU
		{D62DE7FB-7AF9-4364-B921-C50C8E047E37}.Release|Any CPU.ActiveCfg = Release|Any CPU
		{D62DE7FB-7AF9-4364-B921-C50C8E047E37}.Release|Any CPU.Build.0 = Release|Any CPU
		{989DA8BD-B430-4228-A136-3CD41EDDC425}.Debug_Main|Any CPU.ActiveCfg = Debug|Any CPU
		{989DA8BD-B430-4228-A136-3CD41EDDC425}.Debug_Main|Any CPU.Build.0 = Debug|Any CPU
		{989DA8BD-B430-4228-A136-3CD41EDDC425}.Debug|Any CPU.ActiveCfg = Debug|Any CPU
		{989DA8BD-B430-4228-A136-3CD41EDDC425}.Debug|Any CPU.Build.0 = Debug|Any CPU
		{989DA8BD-B430-4228-A136-3CD41EDDC425}.Release|Any CPU.ActiveCfg = Release|Any CPU
		{989DA8BD-B430-4228-A136-3CD41EDDC425}.Release|Any CPU.Build.0 = Release|Any CPU
		{A7352731-08F1-4069-A147-C69040A8FA44}.Debug_Main|Any CPU.ActiveCfg = Debug|Any CPU
		{A7352731-08F1-4069-A147-C69040A8FA44}.Debug_Main|Any CPU.Build.0 = Debug|Any CPU
		{A7352731-08F1-4069-A147-C69040A8FA44}.Debug|Any CPU.ActiveCfg = Debug|Any CPU
		{A7352731-08F1-4069-A147-C69040A8FA44}.Debug|Any CPU.Build.0 = Debug|Any CPU
		{A7352731-08F1-4069-A147-C69040A8FA44}.Release|Any CPU.ActiveCfg = Release|Any CPU
		{A7352731-08F1-4069-A147-C69040A8FA44}.Release|Any CPU.Build.0 = Release|Any CPU
		{F298AB4C-86C9-4E89-B1BE-8D1F08C75910}.Debug_Main|Any CPU.ActiveCfg = Debug|Any CPU
		{F298AB4C-86C9-4E89-B1BE-8D1F08C75910}.Debug_Main|Any CPU.Build.0 = Debug|Any CPU
		{F298AB4C-86C9-4E89-B1BE-8D1F08C75910}.Debug|Any CPU.ActiveCfg = Debug|Any CPU
		{F298AB4C-86C9-4E89-B1BE-8D1F08C75910}.Debug|Any CPU.Build.0 = Debug|Any CPU
		{F298AB4C-86C9-4E89-B1BE-8D1F08C75910}.Release|Any CPU.ActiveCfg = Release|Any CPU
		{F298AB4C-86C9-4E89-B1BE-8D1F08C75910}.Release|Any CPU.Build.0 = Release|Any CPU
		{01871A88-69D3-4E41-8762-37051393A69C}.Debug_Main|Any CPU.ActiveCfg = Debug_Main|Any CPU
		{01871A88-69D3-4E41-8762-37051393A69C}.Debug|Any CPU.ActiveCfg = Debug|Any CPU
		{01871A88-69D3-4E41-8762-37051393A69C}.Debug|Any CPU.Build.0 = Debug|Any CPU
		{01871A88-69D3-4E41-8762-37051393A69C}.Release|Any CPU.ActiveCfg = Release|Any CPU
		{01871A88-69D3-4E41-8762-37051393A69C}.Release|Any CPU.Build.0 = Release|Any CPU
		{3A8443D6-9A88-4119-83C2-F9C2D257625A}.Debug_Main|Any CPU.ActiveCfg = Debug_Main|Any CPU
		{3A8443D6-9A88-4119-83C2-F9C2D257625A}.Debug_Main|Any CPU.Build.0 = Debug_Main|Any CPU
		{3A8443D6-9A88-4119-83C2-F9C2D257625A}.Debug|Any CPU.ActiveCfg = Debug|Any CPU
		{3A8443D6-9A88-4119-83C2-F9C2D257625A}.Debug|Any CPU.Build.0 = Debug|Any CPU
		{3A8443D6-9A88-4119-83C2-F9C2D257625A}.Release|Any CPU.ActiveCfg = Release|Any CPU
		{3A8443D6-9A88-4119-83C2-F9C2D257625A}.Release|Any CPU.Build.0 = Release|Any CPU
		{CFC892C4-24F1-4E22-82BE-8542A6A19119}.Debug_Main|Any CPU.ActiveCfg = Debug|Any CPU
		{CFC892C4-24F1-4E22-82BE-8542A6A19119}.Debug|Any CPU.ActiveCfg = Debug|Any CPU
		{CFC892C4-24F1-4E22-82BE-8542A6A19119}.Release|Any CPU.ActiveCfg = Release|Any CPU
		{F5502D63-07AF-4E2B-9D9F-C71090F6DB04}.Debug_Main|Any CPU.ActiveCfg = Debug|Any CPU
		{F5502D63-07AF-4E2B-9D9F-C71090F6DB04}.Debug_Main|Any CPU.Build.0 = Debug|Any CPU
		{F5502D63-07AF-4E2B-9D9F-C71090F6DB04}.Debug|Any CPU.ActiveCfg = Debug|Any CPU
		{F5502D63-07AF-4E2B-9D9F-C71090F6DB04}.Debug|Any CPU.Build.0 = Debug|Any CPU
		{F5502D63-07AF-4E2B-9D9F-C71090F6DB04}.Release|Any CPU.ActiveCfg = Release|Any CPU
		{F5502D63-07AF-4E2B-9D9F-C71090F6DB04}.Release|Any CPU.Build.0 = Release|Any CPU
		{8DF72CDF-D528-431D-B8E4-569E4C44F279}.Debug_Main|Any CPU.ActiveCfg = Debug|Any CPU
		{8DF72CDF-D528-431D-B8E4-569E4C44F279}.Debug_Main|Any CPU.Build.0 = Debug|Any CPU
		{8DF72CDF-D528-431D-B8E4-569E4C44F279}.Debug|Any CPU.ActiveCfg = Debug|Any CPU
		{8DF72CDF-D528-431D-B8E4-569E4C44F279}.Debug|Any CPU.Build.0 = Debug|Any CPU
		{8DF72CDF-D528-431D-B8E4-569E4C44F279}.Release|Any CPU.ActiveCfg = Release|Any CPU
		{8DF72CDF-D528-431D-B8E4-569E4C44F279}.Release|Any CPU.Build.0 = Release|Any CPU
		{F6ADE296-40B4-4A9C-A5E8-98CB09B2C046}.Debug_Main|Any CPU.ActiveCfg = Debug|Any CPU
		{F6ADE296-40B4-4A9C-A5E8-98CB09B2C046}.Debug_Main|Any CPU.Build.0 = Debug|Any CPU
		{F6ADE296-40B4-4A9C-A5E8-98CB09B2C046}.Debug|Any CPU.ActiveCfg = Debug|Any CPU
		{F6ADE296-40B4-4A9C-A5E8-98CB09B2C046}.Debug|Any CPU.Build.0 = Debug|Any CPU
		{F6ADE296-40B4-4A9C-A5E8-98CB09B2C046}.Release|Any CPU.ActiveCfg = Release|Any CPU
		{F6ADE296-40B4-4A9C-A5E8-98CB09B2C046}.Release|Any CPU.Build.0 = Release|Any CPU
	EndGlobalSection
	GlobalSection(SolutionProperties) = preSolution
		HideSolutionNode = FALSE
	EndGlobalSection
	GlobalSection(NestedProjects) = preSolution
		{3B6CF8A7-7660-4320-9FF5-6612D9529638} = {CA030AC1-F7E3-4B06-AB05-8146AF2862F3}
		{0B79B036-C414-4861-AA1C-1DE688F7D3F1} = {0279E2CF-722F-4B20-BE3D-EF0D3E2AEA9D}
		{CFBD7290-E79E-43B0-8B14-EF52C604DC73} = {0279E2CF-722F-4B20-BE3D-EF0D3E2AEA9D}
		{D62DE7FB-7AF9-4364-B921-C50C8E047E37} = {13F8601B-1F9B-450A-9B1B-F2C0767BF005}
		{989DA8BD-B430-4228-A136-3CD41EDDC425} = {13F8601B-1F9B-450A-9B1B-F2C0767BF005}
		{A7352731-08F1-4069-A147-C69040A8FA44} = {13F8601B-1F9B-450A-9B1B-F2C0767BF005}
		{F298AB4C-86C9-4E89-B1BE-8D1F08C75910} = {13F8601B-1F9B-450A-9B1B-F2C0767BF005}
		{01871A88-69D3-4E41-8762-37051393A69C} = {582900B4-16DD-43A5-9C82-9921FF1C5BD8}
		{3A8443D6-9A88-4119-83C2-F9C2D257625A} = {582900B4-16DD-43A5-9C82-9921FF1C5BD8}
		{CFC892C4-24F1-4E22-82BE-8542A6A19119} = {17E1E88C-12E3-4B4A-8219-6FA14E5E3D9E}
		{F5502D63-07AF-4E2B-9D9F-C71090F6DB04} = {13F8601B-1F9B-450A-9B1B-F2C0767BF005}
		{F6ADE296-40B4-4A9C-A5E8-98CB09B2C046} = {13F8601B-1F9B-450A-9B1B-F2C0767BF005}
	EndGlobalSection
	GlobalSection(ExtensibilityGlobals) = postSolution
		SolutionGuid = {E5B51C72-EAF6-4FDF-AB56-6BAAF7634724}
	EndGlobalSection
EndGlobal
