
Microsoft Visual Studio Solution File, Format Version 12.00
# Visual Studio Version 17
VisualStudioVersion = 17.0.32014.148
MinimumVisualStudioVersion = 10.0.40219.1
Project("{9A19103F-16F7-4668-BE54-9A1E7A4F7556}") = "Dm8Main", "Dm8Main\Dm8Main.csproj", "{9F08DAF2-2846-4EC1-9D11-C47548252D62}"
EndProject
Project("{9A19103F-16F7-4668-BE54-9A1E7A4F7556}") = "Dm8Model", "Dm8Model\Dm8Model.csproj", "{71384F0A-FD18-4871-9CED-F6A4F67FE7A6}"
EndProject
Project("{9A19103F-16F7-4668-BE54-9A1E7A4F7556}") = "Dm8Data", "Dm8Data\Dm8Data.csproj", "{1933A6DE-B2CF-46D3-912B-ED0C21D3A54B}"
	ProjectSection(ProjectDependencies) = postProject
		{27BC0B8B-E5B2-41D4-88B2-D1A9A1FF130D} = {27BC0B8B-E5B2-41D4-88B2-D1A9A1FF130D}
	EndProjectSection
EndProject
Project("{9A19103F-16F7-4668-BE54-9A1E7A4F7556}") = "Dm8Build", "Dm8Build\Dm8Build.csproj", "{27BC0B8B-E5B2-41D4-88B2-D1A9A1FF130D}"
EndProject
Project("{2150E333-8FDC-42A3-9474-1A3956D46DE8}") = "00-Solution Items", "00-Solution Items", "{5F27CEFD-9CE4-4F83-9E9C-08A4EB65B145}"
	ProjectSection(SolutionItems) = preProject
		.editorconfig = .editorconfig
	EndProjectSection
EndProject
Project("{9A19103F-16F7-4668-BE54-9A1E7A4F7556}") = "Dm8DataLocator", "..\Dm8DataLocator\Dm8DataLocator.csproj", "{04FA0C5B-52F9-419F-8AF1-A45AFF7EB260}"
EndProject
Project("{2150E333-8FDC-42A3-9474-1A3956D46DE8}") = "01-Dm8DataLocator", "01-Dm8DataLocator", "{CA030AC1-F7E3-4B06-AB05-8146AF2862F3}"
EndProject
Project("{2150E333-8FDC-42A3-9474-1A3956D46DE8}") = "02-Dm8Data", "02-Dm8Data", "{0279E2CF-722F-4B20-BE3D-EF0D3E2AEA9D}"
EndProject
Project("{2150E333-8FDC-42A3-9474-1A3956D46DE8}") = "A1-Dm8Tools", "A1-Dm8Tools", "{F3706886-02FE-48F5-A56D-B17140A0E68C}"
EndProject
Project("{9A19103F-16F7-4668-BE54-9A1E7A4F7556}") = "Dm8DataLocatorTest", "..\Dm8DataLocator.test\Dm8DataLocatorTest.csproj", "{E38B8385-48C1-4B2A-B3A0-5631FDDF0F6D}"
EndProject
Project("{2150E333-8FDC-42A3-9474-1A3956D46DE8}") = "Test", "Test", "{95F18E29-970D-40AF-95AC-08FAE65E66BE}"
EndProject
Project("{00D1A9C2-B5F0-4AF3-8072-F6C62B433612}") = "AdventureWorksDWH", "..\Dm8DataLocator.test\AdventureWorksDWH\AdventureWorksDWH.sqlproj", "{3BB72A7D-7F05-46C0-BDFE-BF715553D9CF}"
EndProject
Project("{00D1A9C2-B5F0-4AF3-8072-F6C62B433612}") = "AdventureWorksDWH.V2", "..\Dm8DataLocator.test\AdventureWorksDWH.V2\AdventureWorksDWH.V2.sqlproj", "{D56EBAA7-EA0C-4FFF-98C7-4A046BFEA5A1}"
EndProject
Project("{9A19103F-16F7-4668-BE54-9A1E7A4F7556}") = "Dm8Generate", "Dm8Generate\Dm8Generate.csproj", "{06319C6E-0A60-4276-A317-2C5C2E45CC44}"
EndProject
Project("{2150E333-8FDC-42A3-9474-1A3956D46DE8}") = "03-Dm8App", "03-Dm8App", "{582900B4-16DD-43A5-9C82-9921FF1C5BD8}"
EndProject
Project("{2150E333-8FDC-42A3-9474-1A3956D46DE8}") = "09-Generate", "09-Generate", "{5F16015E-F7DD-47B9-9218-4827589399E4}"
EndProject
Project("{888888A0-9F3D-457C-B088-3A5042F75D52}") = "Dm8Data.py", "..\DataM8.py\Dm8Data.py\Dm8Data.py.pyproj", "{9601F79F-B89A-4E96-AD6D-9015C467CE1F}"
EndProject
Global
	GlobalSection(SolutionConfigurationPlatforms) = preSolution
		Debug|Any CPU = Debug|Any CPU
		Release|Any CPU = Release|Any CPU
	EndGlobalSection
	GlobalSection(ProjectConfigurationPlatforms) = postSolution
		{9F08DAF2-2846-4EC1-9D11-C47548252D62}.Debug|Any CPU.ActiveCfg = Debug|Any CPU
		{9F08DAF2-2846-4EC1-9D11-C47548252D62}.Debug|Any CPU.Build.0 = Debug|Any CPU
		{9F08DAF2-2846-4EC1-9D11-C47548252D62}.Release|Any CPU.ActiveCfg = Release|Any CPU
		{9F08DAF2-2846-4EC1-9D11-C47548252D62}.Release|Any CPU.Build.0 = Release|Any CPU
		{71384F0A-FD18-4871-9CED-F6A4F67FE7A6}.Debug|Any CPU.ActiveCfg = Debug|Any CPU
		{71384F0A-FD18-4871-9CED-F6A4F67FE7A6}.Debug|Any CPU.Build.0 = Debug|Any CPU
		{71384F0A-FD18-4871-9CED-F6A4F67FE7A6}.Release|Any CPU.ActiveCfg = Release|Any CPU
		{71384F0A-FD18-4871-9CED-F6A4F67FE7A6}.Release|Any CPU.Build.0 = Release|Any CPU
		{1933A6DE-B2CF-46D3-912B-ED0C21D3A54B}.Debug|Any CPU.ActiveCfg = Debug|Any CPU
		{1933A6DE-B2CF-46D3-912B-ED0C21D3A54B}.Debug|Any CPU.Build.0 = Debug|Any CPU
		{1933A6DE-B2CF-46D3-912B-ED0C21D3A54B}.Release|Any CPU.ActiveCfg = Release|Any CPU
		{1933A6DE-B2CF-46D3-912B-ED0C21D3A54B}.Release|Any CPU.Build.0 = Release|Any CPU
		{27BC0B8B-E5B2-41D4-88B2-D1A9A1FF130D}.Debug|Any CPU.ActiveCfg = Debug|Any CPU
		{27BC0B8B-E5B2-41D4-88B2-D1A9A1FF130D}.Debug|Any CPU.Build.0 = Debug|Any CPU
		{27BC0B8B-E5B2-41D4-88B2-D1A9A1FF130D}.Release|Any CPU.ActiveCfg = Release|Any CPU
		{27BC0B8B-E5B2-41D4-88B2-D1A9A1FF130D}.Release|Any CPU.Build.0 = Release|Any CPU
		{04FA0C5B-52F9-419F-8AF1-A45AFF7EB260}.Debug|Any CPU.ActiveCfg = Debug|Any CPU
		{04FA0C5B-52F9-419F-8AF1-A45AFF7EB260}.Debug|Any CPU.Build.0 = Debug|Any CPU
		{04FA0C5B-52F9-419F-8AF1-A45AFF7EB260}.Release|Any CPU.ActiveCfg = Release|Any CPU
		{04FA0C5B-52F9-419F-8AF1-A45AFF7EB260}.Release|Any CPU.Build.0 = Release|Any CPU
		{E38B8385-48C1-4B2A-B3A0-5631FDDF0F6D}.Debug|Any CPU.ActiveCfg = Debug|Any CPU
		{E38B8385-48C1-4B2A-B3A0-5631FDDF0F6D}.Debug|Any CPU.Build.0 = Debug|Any CPU
		{E38B8385-48C1-4B2A-B3A0-5631FDDF0F6D}.Release|Any CPU.ActiveCfg = Release|Any CPU
		{E38B8385-48C1-4B2A-B3A0-5631FDDF0F6D}.Release|Any CPU.Build.0 = Release|Any CPU
		{3BB72A7D-7F05-46C0-BDFE-BF715553D9CF}.Debug|Any CPU.ActiveCfg = Debug|Any CPU
		{3BB72A7D-7F05-46C0-BDFE-BF715553D9CF}.Debug|Any CPU.Build.0 = Debug|Any CPU
		{3BB72A7D-7F05-46C0-BDFE-BF715553D9CF}.Debug|Any CPU.Deploy.0 = Debug|Any CPU
		{3BB72A7D-7F05-46C0-BDFE-BF715553D9CF}.Release|Any CPU.ActiveCfg = Release|Any CPU
		{3BB72A7D-7F05-46C0-BDFE-BF715553D9CF}.Release|Any CPU.Build.0 = Release|Any CPU
		{3BB72A7D-7F05-46C0-BDFE-BF715553D9CF}.Release|Any CPU.Deploy.0 = Release|Any CPU
		{D56EBAA7-EA0C-4FFF-98C7-4A046BFEA5A1}.Debug|Any CPU.ActiveCfg = Debug|Any CPU
		{D56EBAA7-EA0C-4FFF-98C7-4A046BFEA5A1}.Debug|Any CPU.Build.0 = Debug|Any CPU
		{D56EBAA7-EA0C-4FFF-98C7-4A046BFEA5A1}.Debug|Any CPU.Deploy.0 = Debug|Any CPU
		{D56EBAA7-EA0C-4FFF-98C7-4A046BFEA5A1}.Release|Any CPU.ActiveCfg = Release|Any CPU
		{D56EBAA7-EA0C-4FFF-98C7-4A046BFEA5A1}.Release|Any CPU.Build.0 = Release|Any CPU
		{D56EBAA7-EA0C-4FFF-98C7-4A046BFEA5A1}.Release|Any CPU.Deploy.0 = Release|Any CPU
		{06319C6E-0A60-4276-A317-2C5C2E45CC44}.Debug|Any CPU.ActiveCfg = Debug|Any CPU
		{06319C6E-0A60-4276-A317-2C5C2E45CC44}.Debug|Any CPU.Build.0 = Debug|Any CPU
		{06319C6E-0A60-4276-A317-2C5C2E45CC44}.Release|Any CPU.ActiveCfg = Release|Any CPU
		{06319C6E-0A60-4276-A317-2C5C2E45CC44}.Release|Any CPU.Build.0 = Release|Any CPU
		{9601F79F-B89A-4E96-AD6D-9015C467CE1F}.Debug|Any CPU.ActiveCfg = Debug|Any CPU
		{9601F79F-B89A-4E96-AD6D-9015C467CE1F}.Release|Any CPU.ActiveCfg = Release|Any CPU
	EndGlobalSection
	GlobalSection(SolutionProperties) = preSolution
		HideSolutionNode = FALSE
	EndGlobalSection
	GlobalSection(NestedProjects) = preSolution
		{9F08DAF2-2846-4EC1-9D11-C47548252D62} = {582900B4-16DD-43A5-9C82-9921FF1C5BD8}
		{71384F0A-FD18-4871-9CED-F6A4F67FE7A6} = {582900B4-16DD-43A5-9C82-9921FF1C5BD8}
		{1933A6DE-B2CF-46D3-912B-ED0C21D3A54B} = {0279E2CF-722F-4B20-BE3D-EF0D3E2AEA9D}
		{27BC0B8B-E5B2-41D4-88B2-D1A9A1FF130D} = {0279E2CF-722F-4B20-BE3D-EF0D3E2AEA9D}
		{04FA0C5B-52F9-419F-8AF1-A45AFF7EB260} = {CA030AC1-F7E3-4B06-AB05-8146AF2862F3}
		{E38B8385-48C1-4B2A-B3A0-5631FDDF0F6D} = {95F18E29-970D-40AF-95AC-08FAE65E66BE}
		{95F18E29-970D-40AF-95AC-08FAE65E66BE} = {CA030AC1-F7E3-4B06-AB05-8146AF2862F3}
		{3BB72A7D-7F05-46C0-BDFE-BF715553D9CF} = {95F18E29-970D-40AF-95AC-08FAE65E66BE}
		{D56EBAA7-EA0C-4FFF-98C7-4A046BFEA5A1} = {95F18E29-970D-40AF-95AC-08FAE65E66BE}
		{06319C6E-0A60-4276-A317-2C5C2E45CC44} = {F3706886-02FE-48F5-A56D-B17140A0E68C}
		{9601F79F-B89A-4E96-AD6D-9015C467CE1F} = {5F16015E-F7DD-47B9-9218-4827589399E4}
	EndGlobalSection
	GlobalSection(ExtensibilityGlobals) = postSolution
		SolutionGuid = {E5B51C72-EAF6-4FDF-AB56-6BAAF7634724}
	EndGlobalSection
EndGlobal
